lockfileVersion: '6.0'

dependencies:
  npm:
    specifier: ^9.6.2
    version: 9.6.2
  prettier-plugin-toml:
    specifier: ^0.3.1
    version: 0.3.1

devDependencies:
  '@prettier/plugin-php':
    specifier: ^0.19.4
    version: 0.19.4(prettier@2.8.7)
  prettier:
    specifier: ^2.8.7
    version: 2.8.7

packages:

  /@prettier/plugin-php@0.19.4(prettier@2.8.7):
    resolution: {integrity: sha512-FiSnSfP+Vo0/HVRXg7ZnEYJEM1eWS+MmsozYtzEdIf8Vg9v/+fwvyXMNayI5SgZ1Y9F5LGhl/EOMWIPzr9c2Xg==}
    peerDependencies:
      prettier: ^1.15.0 || ^2.0.0
    dependencies:
      linguist-languages: 7.21.0
      mem: 8.1.1
      php-parser: 3.1.4
      prettier: 2.8.7
    dev: true

  /@toml-tools/lexer@0.3.1:
    resolution: {integrity: sha512-CCKHQb5OWpgFu47MQ2rcql4AnE9GaehNk/c1oJOyOBovED6XmdzQPXsvPSu+NJ9lToqJNoX+nLXQsB8WyQGdzQ==}
    dependencies:
      chevrotain: 4.1.1
    dev: false

  /@toml-tools/parser@0.3.1:
    resolution: {integrity: sha512-vadwVx5TkgByt19dbp/rfIUKPkDdn5werANYvziiGK9wHlqPA0BWnvOloQw/dPDxF31+Ag0+zarXJpPDdRsPPg==}
    dependencies:
      '@toml-tools/lexer': 0.3.1
      chevrotain: 4.1.1
    dev: false

  /chevrotain@4.1.1:
    resolution: {integrity: sha512-NQky1HQyiAzxsxpq4Ppt47SYO2U3JLtmfs85QPf3kYSzGBjjp5AA8kqjH8hCjGFRpaQ781QOk1ragQIOkBgUTA==}
    dependencies:
      regexp-to-ast: 0.3.5
    dev: false

  /linguist-languages@7.21.0:
    resolution: {integrity: sha512-KrWJJbFOvlDhjlt5OhUipVlXg+plUfRurICAyij1ZVxQcqPt/zeReb9KiUVdGUwwhS/2KS9h3TbyfYLA5MDlxQ==}
    dev: true

  /map-age-cleaner@0.1.3:
    resolution: {integrity: sha512-bJzx6nMoP6PDLPBFmg7+xRKeFZvFboMrGlxmNj9ClvX53KrmvM5bXFXEWjbz4cz1AFn+jWJ9z/DJSz7hrs0w3w==}
    engines: {node: '>=6'}
    dependencies:
      p-defer: 1.0.0
    dev: true

  /mem@8.1.1:
    resolution: {integrity: sha512-qFCFUDs7U3b8mBDPyz5EToEKoAkgCzqquIgi9nkkR9bixxOVOre+09lbuH7+9Kn2NFpm56M3GUWVbU2hQgdACA==}
    engines: {node: '>=10'}
    dependencies:
      map-age-cleaner: 0.1.3
      mimic-fn: 3.1.0
    dev: true

  /mimic-fn@3.1.0:
    resolution: {integrity: sha512-Ysbi9uYW9hFyfrThdDEQuykN4Ey6BuwPD2kpI5ES/nFTDn/98yxYNLZJcgUAKPT/mcrLLKaGzJR9YVxJrIdASQ==}
    engines: {node: '>=8'}
    dev: true

  /npm@9.6.2:
    resolution: {integrity: sha512-TnXoXhlFkH/9wI4+aXSq0aPLwKG7Ge17t1ME4/rQt+0DZWQCRk9PwhBuX/shqdUiHeKicSLSkzWx+QZgTRE+/A==}
    engines: {node: ^14.17.0 || ^16.13.0 || >=18.0.0}
    hasBin: true
    dev: false
    bundledDependencies:
      - '@isaacs/string-locale-compare'
      - '@npmcli/arborist'
      - '@npmcli/config'
      - '@npmcli/map-workspaces'
      - '@npmcli/package-json'
      - '@npmcli/run-script'
      - abbrev
      - archy
      - cacache
      - chalk
      - ci-info
      - cli-columns
      - cli-table3
      - columnify
      - fastest-levenshtein
      - fs-minipass
      - glob
      - graceful-fs
      - hosted-git-info
      - ini
      - init-package-json
      - is-cidr
      - json-parse-even-better-errors
      - libnpmaccess
      - libnpmdiff
      - libnpmexec
      - libnpmfund
      - libnpmhook
      - libnpmorg
      - libnpmpack
      - libnpmpublish
      - libnpmsearch
      - libnpmteam
      - libnpmversion
      - make-fetch-happen
      - minimatch
      - minipass
      - minipass-pipeline
      - ms
      - node-gyp
      - nopt
      - npm-audit-report
      - npm-install-checks
      - npm-package-arg
      - npm-pick-manifest
      - npm-profile
      - npm-registry-fetch
      - npm-user-validate
      - npmlog
      - p-map
      - pacote
      - parse-conflict-json
      - proc-log
      - qrcode-terminal
      - read
      - read-package-json
      - read-package-json-fast
      - semver
      - ssri
      - tar
      - text-table
      - tiny-relative-date
      - treeverse
      - validate-npm-package-name
      - which
      - write-file-atomic

  /p-defer@1.0.0:
    resolution: {integrity: sha512-wB3wfAxZpk2AzOfUMJNL+d36xothRSyj8EXOa4f6GMqYDN9BJaaSISbsk+wS9abmnebVw95C2Kb5t85UmpCxuw==}
    engines: {node: '>=4'}
    dev: true

  /php-parser@3.1.4:
    resolution: {integrity: sha512-WUEfH4FWsVItqgOknM67msDdcUAfgPJsHhPNl6EPXzWtX+PfdY282m4i8YIJ9ALUEhf+qGDajdmW+VYqSd7Deg==}
    dev: true

  /prettier-plugin-toml@0.3.1:
    resolution: {integrity: sha512-j47DEO/dN/acU1nSL/B7q4A4Z2SYJhpWPCLPkcmfAXIQC6A5GD6Ao/bi9HRHZ8ueIDOauqjuAQbnvRxLXMjazA==}
    dependencies:
      '@toml-tools/parser': 0.3.1
      prettier: 1.19.1
    dev: false

  /prettier@1.19.1:
    resolution: {integrity: sha512-s7PoyDv/II1ObgQunCbB9PdLmUcBZcnWOcxDh7O0N/UwDEsHyqkW+Qh28jW+mVuCdx7gLB0BotYI1Y6uI9iyew==}
    engines: {node: '>=4'}
    hasBin: true
    dev: false

  /prettier@2.8.7:
    resolution: {integrity: sha512-yPngTo3aXUUmyuTjeTUT75txrf+aMh9FiD7q9ZE/i6r0bPb22g4FsE6Y338PQX1bmfy08i9QQCB7/rcUAVntfw==}
    engines: {node: '>=10.13.0'}
    hasBin: true
    dev: true

  /regexp-to-ast@0.3.5:
    resolution: {integrity: sha512-1CJygtdvsfNFwiyjaMLBWtg2tfEqx/jSZ8S6TV+GlNL8kiH8rb4cm5Pb7A/C2BpyM/fA8ZJEudlCwi/jvAY+Ow==}
    dev: false
